// !$*UTF8*$!
{
	archiveVersion = 1;
	classes = {
	};
	objectVersion = 46;
	objects = {

/* Begin PBXBuildFile section */
		109B4AE81E9DFC4200CF4F29 /* AppDelegate.swift in Sources */ = {isa = PBXBuildFile; fileRef = 109B4AE71E9DFC4200CF4F29 /* AppDelegate.swift */; };
		109B4AEA1E9DFC4200CF4F29 /* ViewController.swift in Sources */ = {isa = PBXBuildFile; fileRef = 109B4AE91E9DFC4200CF4F29 /* ViewController.swift */; };
		109B4AEF1E9DFC4200CF4F29 /* Assets.xcassets in Resources */ = {isa = PBXBuildFile; fileRef = 109B4AEE1E9DFC4200CF4F29 /* Assets.xcassets */; };
		109B4AF21E9DFC4200CF4F29 /* LaunchScreen.storyboard in Resources */ = {isa = PBXBuildFile; fileRef = 109B4AF01E9DFC4200CF4F29 /* LaunchScreen.storyboard */; };
		109B4AFB1E9DFC5800CF4F29 /* LocalAuthentication.framework in Frameworks */ = {isa = PBXBuildFile; fileRef = 109B4AFA1E9DFC5700CF4F29 /* LocalAuthentication.framework */; };
		D61505C822670CF3004DBBB3 /* TouchIDButton.swift in Sources */ = {isa = PBXBuildFile; fileRef = D61505C722670CF3004DBBB3 /* TouchIDButton.swift */; };
		D61505CC226713DA004DBBB3 /* TouchID+Protocol.swift in Sources */ = {isa = PBXBuildFile; fileRef = D61505CB226713DA004DBBB3 /* TouchID+Protocol.swift */; };
		D61505CE226713F9004DBBB3 /* TouchID+Error.swift in Sources */ = {isa = PBXBuildFile; fileRef = D61505CD226713F9004DBBB3 /* TouchID+Error.swift */; };
/* End PBXBuildFile section */

/* Begin PBXFileReference section */
		109B4AE41E9DFC4200CF4F29 /* TouchID.app */ = {isa = PBXFileReference; explicitFileType = wrapper.application; includeInIndex = 0; path = TouchID.app; sourceTree = BUILT_PRODUCTS_DIR; };
		109B4AE71E9DFC4200CF4F29 /* AppDelegate.swift */ = {isa = PBXFileReference; lastKnownFileType = sourcecode.swift; path = AppDelegate.swift; sourceTree = "<group>"; };
		109B4AE91E9DFC4200CF4F29 /* ViewController.swift */ = {isa = PBXFileReference; lastKnownFileType = sourcecode.swift; path = ViewController.swift; sourceTree = "<group>"; };
		109B4AEE1E9DFC4200CF4F29 /* Assets.xcassets */ = {isa = PBXFileReference; lastKnownFileType = folder.assetcatalog; path = Assets.xcassets; sourceTree = "<group>"; };
		109B4AF11E9DFC4200CF4F29 /* Base */ = {isa = PBXFileReference; lastKnownFileType = file.storyboard; name = Base; path = Base.lproj/LaunchScreen.storyboard; sourceTree = "<group>"; };
		109B4AF31E9DFC4200CF4F29 /* Info.plist */ = {isa = PBXFileReference; lastKnownFileType = text.plist.xml; path = Info.plist; sourceTree = "<group>"; };
		109B4AFA1E9DFC5700CF4F29 /* LocalAuthentication.framework */ = {isa = PBXFileReference; lastKnownFileType = wrapper.framework; name = LocalAuthentication.framework; path = System/Library/Frameworks/LocalAuthentication.framework; sourceTree = SDKROOT; };
		D61505C722670CF3004DBBB3 /* TouchIDButton.swift */ = {isa = PBXFileReference; lastKnownFileType = sourcecode.swift; path = TouchIDButton.swift; sourceTree = "<group>"; };
		D61505CB226713DA004DBBB3 /* TouchID+Protocol.swift */ = {isa = PBXFileReference; lastKnownFileType = sourcecode.swift; path = "TouchID+Protocol.swift"; sourceTree = "<group>"; };
		D61505CD226713F9004DBBB3 /* TouchID+Error.swift */ = {isa = PBXFileReference; lastKnownFileType = sourcecode.swift; path = "TouchID+Error.swift"; sourceTree = "<group>"; };
/* End PBXFileReference section */

/* Begin PBXFrameworksBuildPhase section */
		109B4AE11E9DFC4200CF4F29 /* Frameworks */ = {
			isa = PBXFrameworksBuildPhase;
			buildActionMask = 2147483647;
			files = (
				109B4AFB1E9DFC5800CF4F29 /* LocalAuthentication.framework in Frameworks */,
			);
			runOnlyForDeploymentPostprocessing = 0;
		};
/* End PBXFrameworksBuildPhase section */

/* Begin PBXGroup section */
		109B4ADB1E9DFC4200CF4F29 = {
			isa = PBXGroup;
			children = (
				109B4AE61E9DFC4200CF4F29 /* TouchID */,
				109B4AE51E9DFC4200CF4F29 /* Products */,
				109B4AF91E9DFC5700CF4F29 /* Frameworks */,
			);
			sourceTree = "<group>";
		};
		109B4AE51E9DFC4200CF4F29 /* Products */ = {
			isa = PBXGroup;
			children = (
				109B4AE41E9DFC4200CF4F29 /* TouchID.app */,
			);
			name = Products;
			sourceTree = "<group>";
		};
		109B4AE61E9DFC4200CF4F29 /* TouchID */ = {
			isa = PBXGroup;
			children = (
				D61505C622670C82004DBBB3 /* Source */,
				109B4AE71E9DFC4200CF4F29 /* AppDelegate.swift */,
				109B4AE91E9DFC4200CF4F29 /* ViewController.swift */,
				109B4AEE1E9DFC4200CF4F29 /* Assets.xcassets */,
				109B4AF01E9DFC4200CF4F29 /* LaunchScreen.storyboard */,
				109B4AF31E9DFC4200CF4F29 /* Info.plist */,
			);
			path = TouchID;
			sourceTree = "<group>";
		};
		109B4AF91E9DFC5700CF4F29 /* Frameworks */ = {
			isa = PBXGroup;
			children = (
				109B4AFA1E9DFC5700CF4F29 /* LocalAuthentication.framework */,
			);
			name = Frameworks;
			sourceTree = "<group>";
		};
		D61505C622670C82004DBBB3 /* Source */ = {
			isa = PBXGroup;
			children = (
				D61505C722670CF3004DBBB3 /* TouchIDButton.swift */,
				D61505CB226713DA004DBBB3 /* TouchID+Protocol.swift */,
				D61505CD226713F9004DBBB3 /* TouchID+Error.swift */,
			);
			path = Source;
			sourceTree = "<group>";
		};
/* End PBXGroup section */

/* Begin PBXNativeTarget section */
		109B4AE31E9DFC4200CF4F29 /* TouchID */ = {
			isa = PBXNativeTarget;
			buildConfigurationList = 109B4AF61E9DFC4200CF4F29 /* Build configuration list for PBXNativeTarget "TouchID" */;
			buildPhases = (
				109B4AE01E9DFC4200CF4F29 /* Sources */,
				109B4AE11E9DFC4200CF4F29 /* Frameworks */,
				109B4AE21E9DFC4200CF4F29 /* Resources */,
			);
			buildRules = (
			);
			dependencies = (
			);
			name = TouchID;
			productName = TouchID;
			productReference = 109B4AE41E9DFC4200CF4F29 /* TouchID.app */;
			productType = "com.apple.product-type.application";
		};
/* End PBXNativeTarget section */

/* Begin PBXProject section */
		109B4ADC1E9DFC4200CF4F29 /* Project object */ = {
			isa = PBXProject;
			attributes = {
				LastSwiftUpdateCheck = 0820;
				LastUpgradeCheck = 1010;
				ORGANIZATIONNAME = Boomi;
				TargetAttributes = {
					109B4AE31E9DFC4200CF4F29 = {
						CreatedOnToolsVersion = 8.2.1;
						DevelopmentTeam = FLQ72JV77K;
						LastSwiftMigration = 1010;
						ProvisioningStyle = Automatic;
					};
				};
			};
			buildConfigurationList = 109B4ADF1E9DFC4200CF4F29 /* Build configuration list for PBXProject "TouchID" */;
			compatibilityVersion = "Xcode 3.2";
			developmentRegion = English;
			hasScannedForEncodings = 0;
			knownRegions = (
				en,
				Base,
			);
			mainGroup = 109B4ADB1E9DFC4200CF4F29;
			productRefGroup = 109B4AE51E9DFC4200CF4F29 /* Products */;
			projectDirPath = "";
			projectRoot = "";
			targets = (
				109B4AE31E9DFC4200CF4F29 /* TouchID */,
			);
		};
/* End PBXProject section */

/* Begin PBXResourcesBuildPhase section */
		109B4AE21E9DFC4200CF4F29 /* Resources */ = {
			isa = PBXResourcesBuildPhase;
			buildActionMask = 2147483647;
			files = (
				109B4AF21E9DFC4200CF4F29 /* LaunchScreen.storyboard in Resources */,
				109B4AEF1E9DFC4200CF4F29 /* Assets.xcassets in Resources */,
			);
			runOnlyForDeploymentPostprocessing = 0;
		};
/* End PBXResourcesBuildPhase section */

/* Begin PBXSourcesBuildPhase section */
		109B4AE01E9DFC4200CF4F29 /* Sources */ = {
			isa = PBXSourcesBuildPhase;
			buildActionMask = 2147483647;
			files = (
				D61505C822670CF3004DBBB3 /* TouchIDButton.swift in Sources */,
				D61505CE226713F9004DBBB3 /* TouchID+Error.swift in Sources */,
				109B4AEA1E9DFC4200CF4F29 /* ViewController.swift in Sources */,
				109B4AE81E9DFC4200CF4F29 /* AppDelegate.swift in Sources */,
				D61505CC226713DA004DBBB3 /* TouchID+Protocol.swift in Sources */,
			);
			runOnlyForDeploymentPostprocessing = 0;
		};
/* End PBXSourcesBuildPhase section */

/* Begin PBXVariantGroup section */
		109B4AF01E9DFC4200CF4F29 /* LaunchScreen.storyboard */ = {
			isa = PBXVariantGroup;
			children = (
				109B4AF11E9DFC4200CF4F29 /* Base */,
			);
			name = LaunchScreen.storyboard;
			sourceTree = "<group>";
		};
/* End PBXVariantGroup section */

/* Begin XCBuildConfiguration section */
		109B4AF41E9DFC4200CF4F29 /* Debug */ = {
			isa = XCBuildConfiguration;
			buildSettings = {
				ALWAYS_SEARCH_USER_PATHS = NO;
				CLANG_ANALYZER_NONNULL = YES;
				CLANG_CXX_LANGUAGE_STANDARD = "gnu++0x";
				CLANG_CXX_LIBRARY = "libc++";
				CLANG_ENABLE_MODULES = YES;
				CLANG_ENABLE_OBJC_ARC = YES;
				CLANG_WARN_BLOCK_CAPTURE_AUTORELEASING = YES;
				CLANG_WARN_BOOL_CONVERSION = YES;
				CLANG_WARN_COMMA = YES;
				CLANG_WARN_CONSTANT_CONVERSION = YES;
				CLANG_WARN_DEPRECATED_OBJC_IMPLEMENTATIONS = YES;
				CLANG_WARN_DIRECT_OBJC_ISA_USAGE = YES_ERROR;
				CLANG_WARN_DOCUMENTATION_COMMENTS = YES;
				CLANG_WARN_EMPTY_BODY = YES;
				CLANG_WARN_ENUM_CONVERSION = YES;
				CLANG_WARN_INFINITE_RECURSION = YES;
				CLANG_WARN_INT_CONVERSION = YES;
				CLANG_WARN_NON_LITERAL_NULL_CONVERSION = YES;
				CLANG_WARN_OBJC_IMPLICIT_RETAIN_SELF = YES;
				CLANG_WARN_OBJC_LITERAL_CONVERSION = YES;
				CLANG_WARN_OBJC_ROOT_CLASS = YES_ERROR;
				CLANG_WARN_RANGE_LOOP_ANALYSIS = YES;
				CLANG_WARN_STRICT_PROTOTYPES = YES;
				CLANG_WARN_SUSPICIOUS_MOVE = YES;
				CLANG_WARN_UNREACHABLE_CODE = YES;
				CLANG_WARN__DUPLICATE_METHOD_MATCH = YES;
				"CODE_SIGN_IDENTITY[sdk=iphoneos*]" = "iPhone Developer";
				COPY_PHASE_STRIP = NO;
				DEBUG_INFORMATION_FORMAT = dwarf;
				ENABLE_STRICT_OBJC_MSGSEND = YES;
				ENABLE_TESTABILITY = YES;
				GCC_C_LANGUAGE_STANDARD = gnu99;
				GCC_DYNAMIC_NO_PIC = NO;
				GCC_NO_COMMON_BLOCKS = YES;
				GCC_OPTIMIZATION_LEVEL = 0;
				GCC_PREPROCESSOR_DEFINITIONS = (
					"DEBUG=1",
					"$(inherited)",
				);
				GCC_WARN_64_TO_32_BIT_CONVERSION = YES;
				GCC_WARN_ABOUT_RETURN_TYPE = YES_ERROR;
				GCC_WARN_UNDECLARED_SELECTOR = YES;
				GCC_WARN_UNINITIALIZED_AUTOS = YES_AGGRESSIVE;
				GCC_WARN_UNUSED_FUNCTION = YES;
				GCC_WARN_UNUSED_VARIABLE = YES;
				IPHONEOS_DEPLOYMENT_TARGET = 10.2;
				MTL_ENABLE_DEBUG_INFO = YES;
				ONLY_ACTIVE_ARCH = YES;
				SDKROOT = iphoneos;
				SWIFT_ACTIVE_COMPILATION_CONDITIONS = DEBUG;
				SWIFT_OPTIMIZATION_LEVEL = "-Onone";
			};
			name = Debug;
		};
		109B4AF51E9DFC4200CF4F29 /* Release */ = {
			isa = XCBuildConfiguration;
			buildSettings = {
				ALWAYS_SEARCH_USER_PATHS = NO;
				CLANG_ANALYZER_NONNULL = YES;
				CLANG_CXX_LANGUAGE_STANDARD = "gnu++0x";
				CLANG_CXX_LIBRARY = "libc++";
				CLANG_ENABLE_MODULES = YES;
				CLANG_ENABLE_OBJC_ARC = YES;
				CLANG_WARN_BLOCK_CAPTURE_AUTORELEASING = YES;
				CLANG_WARN_BOOL_CONVERSION = YES;
				CLANG_WARN_COMMA = YES;
				CLANG_WARN_CONSTANT_CONVERSION = YES;
				CLANG_WARN_DEPRECATED_OBJC_IMPLEMENTATIONS = YES;
				CLANG_WARN_DIRECT_OBJC_ISA_USAGE = YES_ERROR;
				CLANG_WARN_DOCUMENTATION_COMMENTS = YES;
				CLANG_WARN_EMPTY_BODY = YES;
				CLANG_WARN_ENUM_CONVERSION = YES;
				CLANG_WARN_INFINITE_RECURSION = YES;
				CLANG_WARN_INT_CONVERSION = YES;
				CLANG_WARN_NON_LITERAL_NULL_CONVERSION = YES;
				CLANG_WARN_OBJC_IMPLICIT_RETAIN_SELF = YES;
				CLANG_WARN_OBJC_LITERAL_CONVERSION = YES;
				CLANG_WARN_OBJC_ROOT_CLASS = YES_ERROR;
				CLANG_WARN_RANGE_LOOP_ANALYSIS = YES;
				CLANG_WARN_STRICT_PROTOTYPES = YES;
				CLANG_WARN_SUSPICIOUS_MOVE = YES;
				CLANG_WARN_UNREACHABLE_CODE = YES;
				CLANG_WARN__DUPLICATE_METHOD_MATCH = YES;
				"CODE_SIGN_IDENTITY[sdk=iphoneos*]" = "iPhone Developer";
				COPY_PHASE_STRIP = NO;
				DEBUG_INFORMATION_FORMAT = "dwarf-with-dsym";
				ENABLE_NS_ASSERTIONS = NO;
				ENABLE_STRICT_OBJC_MSGSEND = YES;
				GCC_C_LANGUAGE_STANDARD = gnu99;
				GCC_NO_COMMON_BLOCKS = YES;
				GCC_WARN_64_TO_32_BIT_CONVERSION = YES;
				GCC_WARN_ABOUT_RETURN_TYPE = YES_ERROR;
				GCC_WARN_UNDECLARED_SELECTOR = YES;
				GCC_WARN_UNINITIALIZED_AUTOS = YES_AGGRESSIVE;
				GCC_WARN_UNUSED_FUNCTION = YES;
				GCC_WARN_UNUSED_VARIABLE = YES;
				IPHONEOS_DEPLOYMENT_TARGET = 10.2;
				MTL_ENABLE_DEBUG_INFO = NO;
				SDKROOT = iphoneos;
				SWIFT_OPTIMIZATION_LEVEL = "-Owholemodule";
				VALIDATE_PRODUCT = YES;
			};
			name = Release;
		};
		109B4AF71E9DFC4200CF4F29 /* Debug */ = {
			isa = XCBuildConfiguration;
			buildSettings = {
				ASSETCATALOG_COMPILER_APPICON_NAME = AppIcon;
				DEVELOPMENT_TEAM = FLQ72JV77K;
				INFOPLIST_FILE = TouchID/Info.plist;
				LD_RUNPATH_SEARCH_PATHS = "$(inherited) @executable_path/Frameworks";
				PRODUCT_BUNDLE_IDENTIFIER = com.boomi.TouchID;
				PRODUCT_NAME = "$(TARGET_NAME)";
				SWIFT_SWIFT3_OBJC_INFERENCE = Off;
				SWIFT_VERSION = 4.2;
			};
			name = Debug;
		};
		109B4AF81E9DFC4200CF4F29 /* Release */ = {
			isa = XCBuildConfiguration;
			buildSettings = {
				ASSETCATALOG_COMPILER_APPICON_NAME = AppIcon;
				DEVELOPMENT_TEAM = FLQ72JV77K;
				INFOPLIST_FILE = TouchID/Info.plist;
				LD_RUNPATH_SEARCH_PATHS = "$(inherited) @executable_path/Frameworks";
				PRODUCT_BUNDLE_IDENTIFIER = com.boomi.TouchID;
				PRODUCT_NAME = "$(TARGET_NAME)";
				SWIFT_SWIFT3_OBJC_INFERENCE = Off;
				SWIFT_VERSION = 4.2;
			};
			name = Release;
		};
/* End XCBuildConfiguration section */

/* Begin XCConfigurationList section */
		109B4ADF1E9DFC4200CF4F29 /* Build configuration list for PBXProject "TouchID" */ = {
			isa = XCConfigurationList;
			buildConfigurations = (
				109B4AF41E9DFC4200CF4F29 /* Debug */,
				109B4AF51E9DFC4200CF4F29 /* Release */,
			);
			defaultConfigurationIsVisible = 0;
			defaultConfigurationName = Release;
		};
		109B4AF61E9DFC4200CF4F29 /* Build configuration list for PBXNativeTarget "TouchID" */ = {
			isa = XCConfigurationList;
			buildConfigurations = (
				109B4AF71E9DFC4200CF4F29 /* Debug */,
				109B4AF81E9DFC4200CF4F29 /* Release */,
			);
			defaultConfigurationIsVisible = 0;
			defaultConfigurationName = Release;
		};
/* End XCConfigurationList section */
	};
	rootObject = 109B4ADC1E9DFC4200CF4F29 /* Project object */;
}
